// !$*UTF8*$!
{
	archiveVersion = 1;
	classes = {
	};
	objectVersion = 56;
	objects = {

/* Begin PBXBuildFile section */
		1610E93029C9A41500824E49 /* CustomSideMenuNavigation.swift in Sources */ = {isa = PBXBuildFile; fileRef = 1610E92F29C9A41500824E49 /* CustomSideMenuNavigation.swift */; };
		1610E93229C9A43800824E49 /* SideMenuViewController.swift in Sources */ = {isa = PBXBuildFile; fileRef = 1610E93129C9A43800824E49 /* SideMenuViewController.swift */; };
		1610E93629C9AC5000824E49 /* SideMenuTableViewCell.swift in Sources */ = {isa = PBXBuildFile; fileRef = 1610E93529C9AC5000824E49 /* SideMenuTableViewCell.swift */; };
		165D7C9F29CD43A8009EF7B6 /* PayChargeViewController.swift in Sources */ = {isa = PBXBuildFile; fileRef = 165D7C9E29CD43A8009EF7B6 /* PayChargeViewController.swift */; };
		165D7CA229CD872A009EF7B6 /* PayChargeUserModel.swift in Sources */ = {isa = PBXBuildFile; fileRef = 165D7CA129CD872A009EF7B6 /* PayChargeUserModel.swift */; };
		165D7CA529CD8AE8009EF7B6 /* PayChargeViewModel.swift in Sources */ = {isa = PBXBuildFile; fileRef = 165D7CA429CD8AE8009EF7B6 /* PayChargeViewModel.swift */; };
		165D7CA729CD9CFF009EF7B6 /* PayCompleteViewController.swift in Sources */ = {isa = PBXBuildFile; fileRef = 165D7CA629CD9CFF009EF7B6 /* PayCompleteViewController.swift */; };
		16920C6F29C80BAF006887CE /* SearchViewModel.swift in Sources */ = {isa = PBXBuildFile; fileRef = 16920C6E29C80BAF006887CE /* SearchViewModel.swift */; };
		16920C7129C80BCE006887CE /* MainViewController.swift in Sources */ = {isa = PBXBuildFile; fileRef = 16920C7029C80BCE006887CE /* MainViewController.swift */; };
		16920C7629C8278D006887CE /* MainTableViewCell.swift in Sources */ = {isa = PBXBuildFile; fileRef = 16920C7529C8278D006887CE /* MainTableViewCell.swift */; };
		16920C7929C828B0006887CE /* MainModel.swift in Sources */ = {isa = PBXBuildFile; fileRef = 16920C7829C828B0006887CE /* MainModel.swift */; };
		16920C7D29C82B9F006887CE /* MainViewModel.swift in Sources */ = {isa = PBXBuildFile; fileRef = 16920C7C29C82B9F006887CE /* MainViewModel.swift */; };
		16920C8129C85A0B006887CE /* DateViewModel.swift in Sources */ = {isa = PBXBuildFile; fileRef = 16920C8029C85A0B006887CE /* DateViewModel.swift */; };
		260FD37729C95E920085A7F3 /* ProfileTableViewCell.swift in Sources */ = {isa = PBXBuildFile; fileRef = 260FD37629C95E910085A7F3 /* ProfileTableViewCell.swift */; };
		260FD37B29C95EB50085A7F3 /* PayTableViewCell.swift in Sources */ = {isa = PBXBuildFile; fileRef = 260FD37A29C95EB50085A7F3 /* PayTableViewCell.swift */; };
		260FD37D29C95EC00085A7F3 /* MenuTableViewCell.swift in Sources */ = {isa = PBXBuildFile; fileRef = 260FD37C29C95EC00085A7F3 /* MenuTableViewCell.swift */; };
		260FD37F29C95ED20085A7F3 /* MyPageTableViewController.swift in Sources */ = {isa = PBXBuildFile; fileRef = 260FD37E29C95ED20085A7F3 /* MyPageTableViewController.swift */; };
		263A884429C6AA3D0011C183 /* TelVerifyViewController.swift in Sources */ = {isa = PBXBuildFile; fileRef = 263A884329C6AA3D0011C183 /* TelVerifyViewController.swift */; };
		263A884E29C729BE0011C183 /* SignInViewController.swift in Sources */ = {isa = PBXBuildFile; fileRef = 263A884D29C729BE0011C183 /* SignInViewController.swift */; };
		264512D229C694AA0088E17A /* LogInViewController.swift in Sources */ = {isa = PBXBuildFile; fileRef = 264512D129C694AA0088E17A /* LogInViewController.swift */; };
		264512D629C695C20088E17A /* AuthViewModel.swift in Sources */ = {isa = PBXBuildFile; fileRef = 264512D529C695C20088E17A /* AuthViewModel.swift */; };
		264512D829C695E80088E17A /* DBViewModel.swift in Sources */ = {isa = PBXBuildFile; fileRef = 264512D729C695E80088E17A /* DBViewModel.swift */; };
		264512DA29C6964D0088E17A /* RegExModel.swift in Sources */ = {isa = PBXBuildFile; fileRef = 264512D929C6964D0088E17A /* RegExModel.swift */; };
		264512DD29C697A10088E17A /* TabBarViewController.swift in Sources */ = {isa = PBXBuildFile; fileRef = 264512DC29C697A10088E17A /* TabBarViewController.swift */; };
		265806D629CAA97F0049703D /* MyPageLikeTableViewCell.swift in Sources */ = {isa = PBXBuildFile; fileRef = 265806D529CAA97F0049703D /* MyPageLikeTableViewCell.swift */; };
		265806E029CAF9AD0049703D /* MyPageLikeTableViewController.swift in Sources */ = {isa = PBXBuildFile; fileRef = 265806DF29CAF9AD0049703D /* MyPageLikeTableViewController.swift */; };
		265806E229CAFB1A0049703D /* LikeCodeModel.swift in Sources */ = {isa = PBXBuildFile; fileRef = 265806E129CAFB1A0049703D /* LikeCodeModel.swift */; };
		265806E729CAFBF20049703D /* LikeCodeDB.swift in Sources */ = {isa = PBXBuildFile; fileRef = 265806E629CAFBF20049703D /* LikeCodeDB.swift */; };
		265806E929CB2B9F0049703D /* LikeProductModel.swift in Sources */ = {isa = PBXBuildFile; fileRef = 265806E829CB2B9F0049703D /* LikeProductModel.swift */; };
		2669F79429CC14F5007D3407 /* FirstViewController.swift in Sources */ = {isa = PBXBuildFile; fileRef = 2669F79329CC14F5007D3407 /* FirstViewController.swift */; };
		2669F79D29CC53ED007D3407 /* TabManViewController.swift in Sources */ = {isa = PBXBuildFile; fileRef = 2669F79C29CC53ED007D3407 /* TabManViewController.swift */; };
		2669F79F29CD3F88007D3407 /* SellFinViewController.swift in Sources */ = {isa = PBXBuildFile; fileRef = 2669F79E29CD3F88007D3407 /* SellFinViewController.swift */; };
		2669F7A129CD3F95007D3407 /* SellIngViewController.swift in Sources */ = {isa = PBXBuildFile; fileRef = 2669F7A029CD3F95007D3407 /* SellIngViewController.swift */; };
		2669F7A429CD4003007D3407 /* SellFinViewCell.swift in Sources */ = {isa = PBXBuildFile; fileRef = 2669F7A329CD4003007D3407 /* SellFinViewCell.swift */; };
		2669F7A629CD4014007D3407 /* SellIngViewCell.swift in Sources */ = {isa = PBXBuildFile; fileRef = 2669F7A529CD4014007D3407 /* SellIngViewCell.swift */; };
		A032A8B629CAA88C006328C9 /* ProfileViewController.swift in Sources */ = {isa = PBXBuildFile; fileRef = A032A8B529CAA88C006328C9 /* ProfileViewController.swift */; };
		A06E176229CA947300652C22 /* ProfileUpdateModel.swift in Sources */ = {isa = PBXBuildFile; fileRef = A06E176129CA947300652C22 /* ProfileUpdateModel.swift */; };
		A08A51EA29C9523900D995A9 /* ProfileQueryModel.swift in Sources */ = {isa = PBXBuildFile; fileRef = A08A51E929C9523900D995A9 /* ProfileQueryModel.swift */; };
		A08A51EC29C952BD00D995A9 /* ProfileDBModel.swift in Sources */ = {isa = PBXBuildFile; fileRef = A08A51EB29C952BD00D995A9 /* ProfileDBModel.swift */; };
		A0E2888C29CD716700A32656 /* PurchaseDBModel.swift in Sources */ = {isa = PBXBuildFile; fileRef = A0E2888B29CD716700A32656 /* PurchaseDBModel.swift */; };
		A0E2888E29CD793000A32656 /* PurchaseProductModel.swift in Sources */ = {isa = PBXBuildFile; fileRef = A0E2888D29CD793000A32656 /* PurchaseProductModel.swift */; };
		A0E2889029CD7B5F00A32656 /* PurchaseCodeModel.swift in Sources */ = {isa = PBXBuildFile; fileRef = A0E2888F29CD7B5F00A32656 /* PurchaseCodeModel.swift */; };
		A0E2889929CEAF6C00A32656 /* PurchaseTableViewCell.swift in Sources */ = {isa = PBXBuildFile; fileRef = A0E2889829CEAF6C00A32656 /* PurchaseTableViewCell.swift */; };
		A0E2889E29CEB02700A32656 /* PurchaseTableViewController.swift in Sources */ = {isa = PBXBuildFile; fileRef = A0E2889D29CEB02700A32656 /* PurchaseTableViewController.swift */; };
		A0F0BBF429CC3FEE00D596BD /* MyPageProfileDBModel.swift in Sources */ = {isa = PBXBuildFile; fileRef = A0F0BBF329CC3FEE00D596BD /* MyPageProfileDBModel.swift */; };
		A0F0BBF629CC544B00D596BD /* MyPageProfileQueryModel.swift in Sources */ = {isa = PBXBuildFile; fileRef = A0F0BBF529CC544B00D596BD /* MyPageProfileQueryModel.swift */; };
		BC02504429CDA4F400B06F01 /* Channel.swift in Sources */ = {isa = PBXBuildFile; fileRef = BC02504329CDA4F400B06F01 /* Channel.swift */; };
		BC02504629CDA52C00B06F01 /* ChannelViewModel.swift in Sources */ = {isa = PBXBuildFile; fileRef = BC02504529CDA52C00B06F01 /* ChannelViewModel.swift */; };
		BC1E7D8429C84D310093830C /* Sender.swift in Sources */ = {isa = PBXBuildFile; fileRef = BC1E7D8329C84D310093830C /* Sender.swift */; };
		BC1E7D9629C853C20093830C /* UsersTableViewController.swift in Sources */ = {isa = PBXBuildFile; fileRef = BC1E7D9529C853C20093830C /* UsersTableViewController.swift */; };
		BC1E7D9A29C856440093830C /* UserTableViewCell.swift in Sources */ = {isa = PBXBuildFile; fileRef = BC1E7D9929C856440093830C /* UserTableViewCell.swift */; };
		BC1E7DAB29CA9D8C0093830C /* UserInfo.swift in Sources */ = {isa = PBXBuildFile; fileRef = BC1E7DAA29CA9D8C0093830C /* UserInfo.swift */; };
		BC1E7DAD29CAAB450093830C /* ChatViewController.swift in Sources */ = {isa = PBXBuildFile; fileRef = BC1E7DAC29CAAB450093830C /* ChatViewController.swift */; };
		BC1E7DAF29CAAF5A0093830C /* ChatModel.swift in Sources */ = {isa = PBXBuildFile; fileRef = BC1E7DAE29CAAF5A0093830C /* ChatModel.swift */; };
		BC8129A229CBFE4100FD1399 /* NewChatViewController.swift in Sources */ = {isa = PBXBuildFile; fileRef = BC8129A129CBFE4100FD1399 /* NewChatViewController.swift */; };
		BC8129A429CC56D200FD1399 /* ChatInfo.swift in Sources */ = {isa = PBXBuildFile; fileRef = BC8129A329CC56D200FD1399 /* ChatInfo.swift */; };
		DAE3CA43F2D211997B367A5B /* Pods_Wallet.framework in Frameworks */ = {isa = PBXBuildFile; fileRef = 4E23AAEA2211F1F0CC3BE166 /* Pods_Wallet.framework */; };
		E1CCD0F829BEF69200E6DD35 /* AppDelegate.swift in Sources */ = {isa = PBXBuildFile; fileRef = E1CCD0F729BEF69200E6DD35 /* AppDelegate.swift */; };
		E1CCD0FA29BEF69200E6DD35 /* SceneDelegate.swift in Sources */ = {isa = PBXBuildFile; fileRef = E1CCD0F929BEF69200E6DD35 /* SceneDelegate.swift */; };
		E1CCD0FF29BEF69200E6DD35 /* Main.storyboard in Resources */ = {isa = PBXBuildFile; fileRef = E1CCD0FD29BEF69200E6DD35 /* Main.storyboard */; };
		E1CCD10129BEF69300E6DD35 /* Assets.xcassets in Resources */ = {isa = PBXBuildFile; fileRef = E1CCD10029BEF69300E6DD35 /* Assets.xcassets */; };
		E1CCD10429BEF69300E6DD35 /* LaunchScreen.storyboard in Resources */ = {isa = PBXBuildFile; fileRef = E1CCD10229BEF69300E6DD35 /* LaunchScreen.storyboard */; };
		E1CCD11829C0174000E6DD35 /* GoogleService-Info.plist in Resources */ = {isa = PBXBuildFile; fileRef = E1CCD11729C0174000E6DD35 /* GoogleService-Info.plist */; };
		E1CCD17C29C6D52500E6DD35 /* WalletSelectViewModel.swift in Sources */ = {isa = PBXBuildFile; fileRef = E1CCD17B29C6D52500E6DD35 /* WalletSelectViewModel.swift */; };
		E1CCD17E29C6D54000E6DD35 /* WalletSelectModel.swift in Sources */ = {isa = PBXBuildFile; fileRef = E1CCD17D29C6D54000E6DD35 /* WalletSelectModel.swift */; };
		E1CCD18029C6D55200E6DD35 /* ProductRegisterModel.swift in Sources */ = {isa = PBXBuildFile; fileRef = E1CCD17F29C6D55200E6DD35 /* ProductRegisterModel.swift */; };
		E1CCD18229C6D55F00E6DD35 /* JsonModel.swift in Sources */ = {isa = PBXBuildFile; fileRef = E1CCD18129C6D55F00E6DD35 /* JsonModel.swift */; };
		E1CCD18429C6D56A00E6DD35 /* DBModel.swift in Sources */ = {isa = PBXBuildFile; fileRef = E1CCD18329C6D56A00E6DD35 /* DBModel.swift */; };
		E1CCD18729C6D58500E6DD35 /* FirebaseStorageFunc.swift in Sources */ = {isa = PBXBuildFile; fileRef = E1CCD18629C6D58500E6DD35 /* FirebaseStorageFunc.swift */; };
		E1CCD18929C6D59000E6DD35 /* Flask.swift in Sources */ = {isa = PBXBuildFile; fileRef = E1CCD18829C6D59000E6DD35 /* Flask.swift */; };
		E1CCD18B29C6D5A400E6DD35 /* staticModel.swift in Sources */ = {isa = PBXBuildFile; fileRef = E1CCD18A29C6D5A400E6DD35 /* staticModel.swift */; };
		E1CCD18D29C6D60100E6DD35 /* AddViewController.swift in Sources */ = {isa = PBXBuildFile; fileRef = E1CCD18C29C6D60100E6DD35 /* AddViewController.swift */; };
		E1CCD19029C80B6500E6DD35 /* DetailViewController.swift in Sources */ = {isa = PBXBuildFile; fileRef = E1CCD18F29C80B6500E6DD35 /* DetailViewController.swift */; };
		E1CCD19329C80B8500E6DD35 /* DetailViewModel.swift in Sources */ = {isa = PBXBuildFile; fileRef = E1CCD19229C80B8500E6DD35 /* DetailViewModel.swift */; };
		E1CCD19629C80D6600E6DD35 /* ProductDetailModel.swift in Sources */ = {isa = PBXBuildFile; fileRef = E1CCD19529C80D6600E6DD35 /* ProductDetailModel.swift */; };
		E1CCD1AA29C8D14500E6DD35 /* userLikeModel.swift in Sources */ = {isa = PBXBuildFile; fileRef = E1CCD1A929C8D14500E6DD35 /* userLikeModel.swift */; };
		E1CCD1AC29C8D15100E6DD35 /* LikeModel.swift in Sources */ = {isa = PBXBuildFile; fileRef = E1CCD1AB29C8D15100E6DD35 /* LikeModel.swift */; };
		E1CCD1AE29C8D17900E6DD35 /* LikeViewModel.swift in Sources */ = {isa = PBXBuildFile; fileRef = E1CCD1AD29C8D17900E6DD35 /* LikeViewModel.swift */; };
		E1CCD1B029C8D18600E6DD35 /* UserViewModel.swift in Sources */ = {isa = PBXBuildFile; fileRef = E1CCD1AF29C8D18600E6DD35 /* UserViewModel.swift */; };
/* End PBXBuildFile section */

/* Begin PBXFileReference section */
		1610E92F29C9A41500824E49 /* CustomSideMenuNavigation.swift */ = {isa = PBXFileReference; lastKnownFileType = sourcecode.swift; name = CustomSideMenuNavigation.swift; path = Wallet/Main/CustomSideMenuNavigation.swift; sourceTree = "<group>"; };
		1610E93129C9A43800824E49 /* SideMenuViewController.swift */ = {isa = PBXFileReference; lastKnownFileType = sourcecode.swift; name = SideMenuViewController.swift; path = Wallet/Main/SideMenuViewController.swift; sourceTree = "<group>"; };
		1610E93529C9AC5000824E49 /* SideMenuTableViewCell.swift */ = {isa = PBXFileReference; lastKnownFileType = sourcecode.swift; path = SideMenuTableViewCell.swift; sourceTree = "<group>"; };
		165D7C9E29CD43A8009EF7B6 /* PayChargeViewController.swift */ = {isa = PBXFileReference; lastKnownFileType = sourcecode.swift; path = PayChargeViewController.swift; sourceTree = "<group>"; };
		165D7CA129CD872A009EF7B6 /* PayChargeUserModel.swift */ = {isa = PBXFileReference; lastKnownFileType = sourcecode.swift; path = PayChargeUserModel.swift; sourceTree = "<group>"; };
		165D7CA429CD8AE8009EF7B6 /* PayChargeViewModel.swift */ = {isa = PBXFileReference; lastKnownFileType = sourcecode.swift; path = PayChargeViewModel.swift; sourceTree = "<group>"; };
		165D7CA629CD9CFF009EF7B6 /* PayCompleteViewController.swift */ = {isa = PBXFileReference; lastKnownFileType = sourcecode.swift; path = PayCompleteViewController.swift; sourceTree = "<group>"; };
		16920C6E29C80BAF006887CE /* SearchViewModel.swift */ = {isa = PBXFileReference; lastKnownFileType = sourcecode.swift; path = SearchViewModel.swift; sourceTree = "<group>"; };
		16920C7029C80BCE006887CE /* MainViewController.swift */ = {isa = PBXFileReference; lastKnownFileType = sourcecode.swift; name = MainViewController.swift; path = Wallet/Main/MainViewController.swift; sourceTree = "<group>"; };
		16920C7529C8278D006887CE /* MainTableViewCell.swift */ = {isa = PBXFileReference; lastKnownFileType = sourcecode.swift; path = MainTableViewCell.swift; sourceTree = "<group>"; };
		16920C7829C828B0006887CE /* MainModel.swift */ = {isa = PBXFileReference; lastKnownFileType = sourcecode.swift; path = MainModel.swift; sourceTree = "<group>"; };
		16920C7C29C82B9F006887CE /* MainViewModel.swift */ = {isa = PBXFileReference; lastKnownFileType = sourcecode.swift; path = MainViewModel.swift; sourceTree = "<group>"; };
		16920C8029C85A0B006887CE /* DateViewModel.swift */ = {isa = PBXFileReference; lastKnownFileType = sourcecode.swift; path = DateViewModel.swift; sourceTree = "<group>"; };
		260FD37629C95E910085A7F3 /* ProfileTableViewCell.swift */ = {isa = PBXFileReference; lastKnownFileType = sourcecode.swift; path = ProfileTableViewCell.swift; sourceTree = "<group>"; };
		260FD37A29C95EB50085A7F3 /* PayTableViewCell.swift */ = {isa = PBXFileReference; lastKnownFileType = sourcecode.swift; path = PayTableViewCell.swift; sourceTree = "<group>"; };
		260FD37C29C95EC00085A7F3 /* MenuTableViewCell.swift */ = {isa = PBXFileReference; lastKnownFileType = sourcecode.swift; path = MenuTableViewCell.swift; sourceTree = "<group>"; };
		260FD37E29C95ED20085A7F3 /* MyPageTableViewController.swift */ = {isa = PBXFileReference; lastKnownFileType = sourcecode.swift; path = MyPageTableViewController.swift; sourceTree = "<group>"; };
		263A884329C6AA3D0011C183 /* TelVerifyViewController.swift */ = {isa = PBXFileReference; lastKnownFileType = sourcecode.swift; path = TelVerifyViewController.swift; sourceTree = "<group>"; };
		263A884D29C729BE0011C183 /* SignInViewController.swift */ = {isa = PBXFileReference; lastKnownFileType = sourcecode.swift; path = SignInViewController.swift; sourceTree = "<group>"; };
		264512D029C61A090088E17A /* Wallet.entitlements */ = {isa = PBXFileReference; lastKnownFileType = text.plist.entitlements; path = Wallet.entitlements; sourceTree = "<group>"; };
		264512D129C694AA0088E17A /* LogInViewController.swift */ = {isa = PBXFileReference; lastKnownFileType = sourcecode.swift; path = LogInViewController.swift; sourceTree = "<group>"; };
		264512D529C695C20088E17A /* AuthViewModel.swift */ = {isa = PBXFileReference; lastKnownFileType = sourcecode.swift; path = AuthViewModel.swift; sourceTree = "<group>"; };
		264512D729C695E80088E17A /* DBViewModel.swift */ = {isa = PBXFileReference; lastKnownFileType = sourcecode.swift; path = DBViewModel.swift; sourceTree = "<group>"; };
		264512D929C6964D0088E17A /* RegExModel.swift */ = {isa = PBXFileReference; lastKnownFileType = sourcecode.swift; path = RegExModel.swift; sourceTree = "<group>"; };
		264512DC29C697A10088E17A /* TabBarViewController.swift */ = {isa = PBXFileReference; lastKnownFileType = sourcecode.swift; path = TabBarViewController.swift; sourceTree = "<group>"; };
		265806D529CAA97F0049703D /* MyPageLikeTableViewCell.swift */ = {isa = PBXFileReference; lastKnownFileType = sourcecode.swift; path = MyPageLikeTableViewCell.swift; sourceTree = "<group>"; };
		265806DF29CAF9AD0049703D /* MyPageLikeTableViewController.swift */ = {isa = PBXFileReference; lastKnownFileType = sourcecode.swift; path = MyPageLikeTableViewController.swift; sourceTree = "<group>"; };
		265806E129CAFB1A0049703D /* LikeCodeModel.swift */ = {isa = PBXFileReference; lastKnownFileType = sourcecode.swift; path = LikeCodeModel.swift; sourceTree = "<group>"; };
		265806E629CAFBF20049703D /* LikeCodeDB.swift */ = {isa = PBXFileReference; lastKnownFileType = sourcecode.swift; path = LikeCodeDB.swift; sourceTree = "<group>"; };
		265806E829CB2B9F0049703D /* LikeProductModel.swift */ = {isa = PBXFileReference; lastKnownFileType = sourcecode.swift; path = LikeProductModel.swift; sourceTree = "<group>"; };
		2669F79329CC14F5007D3407 /* FirstViewController.swift */ = {isa = PBXFileReference; lastKnownFileType = sourcecode.swift; path = FirstViewController.swift; sourceTree = "<group>"; };
		2669F79C29CC53ED007D3407 /* TabManViewController.swift */ = {isa = PBXFileReference; lastKnownFileType = sourcecode.swift; path = TabManViewController.swift; sourceTree = "<group>"; };
		2669F79E29CD3F88007D3407 /* SellFinViewController.swift */ = {isa = PBXFileReference; lastKnownFileType = sourcecode.swift; path = SellFinViewController.swift; sourceTree = "<group>"; };
		2669F7A029CD3F95007D3407 /* SellIngViewController.swift */ = {isa = PBXFileReference; lastKnownFileType = sourcecode.swift; path = SellIngViewController.swift; sourceTree = "<group>"; };
		2669F7A329CD4003007D3407 /* SellFinViewCell.swift */ = {isa = PBXFileReference; lastKnownFileType = sourcecode.swift; path = SellFinViewCell.swift; sourceTree = "<group>"; };
		2669F7A529CD4014007D3407 /* SellIngViewCell.swift */ = {isa = PBXFileReference; lastKnownFileType = sourcecode.swift; path = SellIngViewCell.swift; sourceTree = "<group>"; };
		4E23AAEA2211F1F0CC3BE166 /* Pods_Wallet.framework */ = {isa = PBXFileReference; explicitFileType = wrapper.framework; includeInIndex = 0; path = Pods_Wallet.framework; sourceTree = BUILT_PRODUCTS_DIR; };
		A032A8B529CAA88C006328C9 /* ProfileViewController.swift */ = {isa = PBXFileReference; lastKnownFileType = sourcecode.swift; path = ProfileViewController.swift; sourceTree = "<group>"; };
		A06E176129CA947300652C22 /* ProfileUpdateModel.swift */ = {isa = PBXFileReference; lastKnownFileType = sourcecode.swift; path = ProfileUpdateModel.swift; sourceTree = "<group>"; };
		A08A51E929C9523900D995A9 /* ProfileQueryModel.swift */ = {isa = PBXFileReference; lastKnownFileType = sourcecode.swift; path = ProfileQueryModel.swift; sourceTree = "<group>"; };
		A08A51EB29C952BD00D995A9 /* ProfileDBModel.swift */ = {isa = PBXFileReference; lastKnownFileType = sourcecode.swift; path = ProfileDBModel.swift; sourceTree = "<group>"; };
		A0E2888B29CD716700A32656 /* PurchaseDBModel.swift */ = {isa = PBXFileReference; lastKnownFileType = sourcecode.swift; path = PurchaseDBModel.swift; sourceTree = "<group>"; };
		A0E2888D29CD793000A32656 /* PurchaseProductModel.swift */ = {isa = PBXFileReference; lastKnownFileType = sourcecode.swift; path = PurchaseProductModel.swift; sourceTree = "<group>"; };
		A0E2888F29CD7B5F00A32656 /* PurchaseCodeModel.swift */ = {isa = PBXFileReference; lastKnownFileType = sourcecode.swift; path = PurchaseCodeModel.swift; sourceTree = "<group>"; };
		A0E2889829CEAF6C00A32656 /* PurchaseTableViewCell.swift */ = {isa = PBXFileReference; lastKnownFileType = sourcecode.swift; path = PurchaseTableViewCell.swift; sourceTree = "<group>"; };
		A0E2889D29CEB02700A32656 /* PurchaseTableViewController.swift */ = {isa = PBXFileReference; lastKnownFileType = sourcecode.swift; path = PurchaseTableViewController.swift; sourceTree = "<group>"; };
		A0F0BBF329CC3FEE00D596BD /* MyPageProfileDBModel.swift */ = {isa = PBXFileReference; lastKnownFileType = sourcecode.swift; path = MyPageProfileDBModel.swift; sourceTree = "<group>"; };
		A0F0BBF529CC544B00D596BD /* MyPageProfileQueryModel.swift */ = {isa = PBXFileReference; lastKnownFileType = sourcecode.swift; path = MyPageProfileQueryModel.swift; sourceTree = "<group>"; };
		ACF2BDC1637C04A3586F7FAA /* Pods-Wallet.release.xcconfig */ = {isa = PBXFileReference; includeInIndex = 1; lastKnownFileType = text.xcconfig; name = "Pods-Wallet.release.xcconfig"; path = "Target Support Files/Pods-Wallet/Pods-Wallet.release.xcconfig"; sourceTree = "<group>"; };
		BC02504329CDA4F400B06F01 /* Channel.swift */ = {isa = PBXFileReference; lastKnownFileType = sourcecode.swift; path = Channel.swift; sourceTree = "<group>"; };
		BC02504529CDA52C00B06F01 /* ChannelViewModel.swift */ = {isa = PBXFileReference; lastKnownFileType = sourcecode.swift; path = ChannelViewModel.swift; sourceTree = "<group>"; };
		BC1E7D8329C84D310093830C /* Sender.swift */ = {isa = PBXFileReference; lastKnownFileType = sourcecode.swift; path = Sender.swift; sourceTree = "<group>"; };
		BC1E7D9529C853C20093830C /* UsersTableViewController.swift */ = {isa = PBXFileReference; lastKnownFileType = sourcecode.swift; path = UsersTableViewController.swift; sourceTree = "<group>"; };
		BC1E7D9929C856440093830C /* UserTableViewCell.swift */ = {isa = PBXFileReference; lastKnownFileType = sourcecode.swift; path = UserTableViewCell.swift; sourceTree = "<group>"; };
		BC1E7DAA29CA9D8C0093830C /* UserInfo.swift */ = {isa = PBXFileReference; lastKnownFileType = sourcecode.swift; path = UserInfo.swift; sourceTree = "<group>"; };
		BC1E7DAC29CAAB450093830C /* ChatViewController.swift */ = {isa = PBXFileReference; lastKnownFileType = sourcecode.swift; path = ChatViewController.swift; sourceTree = "<group>"; };
		BC1E7DAE29CAAF5A0093830C /* ChatModel.swift */ = {isa = PBXFileReference; lastKnownFileType = sourcecode.swift; path = ChatModel.swift; sourceTree = "<group>"; };
		BC8129A129CBFE4100FD1399 /* NewChatViewController.swift */ = {isa = PBXFileReference; lastKnownFileType = sourcecode.swift; path = NewChatViewController.swift; sourceTree = "<group>"; };
		BC8129A329CC56D200FD1399 /* ChatInfo.swift */ = {isa = PBXFileReference; lastKnownFileType = sourcecode.swift; path = ChatInfo.swift; sourceTree = "<group>"; };
		E1CCD0F429BEF69200E6DD35 /* Wallet.app */ = {isa = PBXFileReference; explicitFileType = wrapper.application; includeInIndex = 0; path = Wallet.app; sourceTree = BUILT_PRODUCTS_DIR; };
		E1CCD0F729BEF69200E6DD35 /* AppDelegate.swift */ = {isa = PBXFileReference; lastKnownFileType = sourcecode.swift; path = AppDelegate.swift; sourceTree = "<group>"; };
		E1CCD0F929BEF69200E6DD35 /* SceneDelegate.swift */ = {isa = PBXFileReference; lastKnownFileType = sourcecode.swift; path = SceneDelegate.swift; sourceTree = "<group>"; };
		E1CCD0FE29BEF69200E6DD35 /* Base */ = {isa = PBXFileReference; lastKnownFileType = file.storyboard; name = Base; path = Base.lproj/Main.storyboard; sourceTree = "<group>"; };
		E1CCD10029BEF69300E6DD35 /* Assets.xcassets */ = {isa = PBXFileReference; lastKnownFileType = folder.assetcatalog; path = Assets.xcassets; sourceTree = "<group>"; };
		E1CCD10329BEF69300E6DD35 /* Base */ = {isa = PBXFileReference; lastKnownFileType = file.storyboard; name = Base; path = Base.lproj/LaunchScreen.storyboard; sourceTree = "<group>"; };
		E1CCD10529BEF69300E6DD35 /* Info.plist */ = {isa = PBXFileReference; lastKnownFileType = text.plist.xml; path = Info.plist; sourceTree = "<group>"; };
		E1CCD11729C0174000E6DD35 /* GoogleService-Info.plist */ = {isa = PBXFileReference; fileEncoding = 4; lastKnownFileType = text.plist.xml; path = "GoogleService-Info.plist"; sourceTree = "<group>"; };
		E1CCD17B29C6D52500E6DD35 /* WalletSelectViewModel.swift */ = {isa = PBXFileReference; lastKnownFileType = sourcecode.swift; path = WalletSelectViewModel.swift; sourceTree = "<group>"; };
		E1CCD17D29C6D54000E6DD35 /* WalletSelectModel.swift */ = {isa = PBXFileReference; lastKnownFileType = sourcecode.swift; path = WalletSelectModel.swift; sourceTree = "<group>"; };
		E1CCD17F29C6D55200E6DD35 /* ProductRegisterModel.swift */ = {isa = PBXFileReference; lastKnownFileType = sourcecode.swift; path = ProductRegisterModel.swift; sourceTree = "<group>"; };
		E1CCD18129C6D55F00E6DD35 /* JsonModel.swift */ = {isa = PBXFileReference; lastKnownFileType = sourcecode.swift; path = JsonModel.swift; sourceTree = "<group>"; };
		E1CCD18329C6D56A00E6DD35 /* DBModel.swift */ = {isa = PBXFileReference; lastKnownFileType = sourcecode.swift; path = DBModel.swift; sourceTree = "<group>"; };
		E1CCD18629C6D58500E6DD35 /* FirebaseStorageFunc.swift */ = {isa = PBXFileReference; lastKnownFileType = sourcecode.swift; path = FirebaseStorageFunc.swift; sourceTree = "<group>"; };
		E1CCD18829C6D59000E6DD35 /* Flask.swift */ = {isa = PBXFileReference; lastKnownFileType = sourcecode.swift; path = Flask.swift; sourceTree = "<group>"; };
		E1CCD18A29C6D5A400E6DD35 /* staticModel.swift */ = {isa = PBXFileReference; lastKnownFileType = sourcecode.swift; path = staticModel.swift; sourceTree = "<group>"; };
		E1CCD18C29C6D60100E6DD35 /* AddViewController.swift */ = {isa = PBXFileReference; lastKnownFileType = sourcecode.swift; path = AddViewController.swift; sourceTree = "<group>"; };
		E1CCD18F29C80B6500E6DD35 /* DetailViewController.swift */ = {isa = PBXFileReference; lastKnownFileType = sourcecode.swift; path = DetailViewController.swift; sourceTree = "<group>"; };
		E1CCD19229C80B8500E6DD35 /* DetailViewModel.swift */ = {isa = PBXFileReference; lastKnownFileType = sourcecode.swift; path = DetailViewModel.swift; sourceTree = "<group>"; };
		E1CCD19529C80D6600E6DD35 /* ProductDetailModel.swift */ = {isa = PBXFileReference; lastKnownFileType = sourcecode.swift; path = ProductDetailModel.swift; sourceTree = "<group>"; };
		E1CCD1A929C8D14500E6DD35 /* userLikeModel.swift */ = {isa = PBXFileReference; lastKnownFileType = sourcecode.swift; path = userLikeModel.swift; sourceTree = "<group>"; };
		E1CCD1AB29C8D15100E6DD35 /* LikeModel.swift */ = {isa = PBXFileReference; lastKnownFileType = sourcecode.swift; path = LikeModel.swift; sourceTree = "<group>"; };
		E1CCD1AD29C8D17900E6DD35 /* LikeViewModel.swift */ = {isa = PBXFileReference; lastKnownFileType = sourcecode.swift; path = LikeViewModel.swift; sourceTree = "<group>"; };
		E1CCD1AF29C8D18600E6DD35 /* UserViewModel.swift */ = {isa = PBXFileReference; lastKnownFileType = sourcecode.swift; path = UserViewModel.swift; sourceTree = "<group>"; };
		E35AE98E5D4F75E2B9A86246 /* Pods-Wallet.debug.xcconfig */ = {isa = PBXFileReference; includeInIndex = 1; lastKnownFileType = text.xcconfig; name = "Pods-Wallet.debug.xcconfig"; path = "Target Support Files/Pods-Wallet/Pods-Wallet.debug.xcconfig"; sourceTree = "<group>"; };
/* End PBXFileReference section */

/* Begin PBXFrameworksBuildPhase section */
		E1CCD0F129BEF69200E6DD35 /* Frameworks */ = {
			isa = PBXFrameworksBuildPhase;
			buildActionMask = 2147483647;
			files = (
				DAE3CA43F2D211997B367A5B /* Pods_Wallet.framework in Frameworks */,
			);
			runOnlyForDeploymentPostprocessing = 0;
		};
/* End PBXFrameworksBuildPhase section */

/* Begin PBXGroup section */
		165D7C9D29CD4385009EF7B6 /* PayPage */ = {
			isa = PBXGroup;
			children = (
				165D7CA329CD8AAE009EF7B6 /* ViewModel */,
				165D7CA029CD8705009EF7B6 /* Model */,
				165D7C9E29CD43A8009EF7B6 /* PayChargeViewController.swift */,
				165D7CA629CD9CFF009EF7B6 /* PayCompleteViewController.swift */,
			);
			path = PayPage;
			sourceTree = "<group>";
		};
		165D7CA029CD8705009EF7B6 /* Model */ = {
			isa = PBXGroup;
			children = (
				165D7CA129CD872A009EF7B6 /* PayChargeUserModel.swift */,
			);
			path = Model;
			sourceTree = "<group>";
		};
		165D7CA329CD8AAE009EF7B6 /* ViewModel */ = {
			isa = PBXGroup;
			children = (
				165D7CA429CD8AE8009EF7B6 /* PayChargeViewModel.swift */,
			);
			path = ViewModel;
			sourceTree = "<group>";
		};
		16920C6C29C80B74006887CE /* Main */ = {
			isa = PBXGroup;
			children = (
				16920C7729C8289F006887CE /* Model */,
				16920C7229C82770006887CE /* Cell */,
				16920C6D29C80B96006887CE /* ViewModel */,
				16920C7029C80BCE006887CE /* MainViewController.swift */,
				1610E92F29C9A41500824E49 /* CustomSideMenuNavigation.swift */,
				1610E93129C9A43800824E49 /* SideMenuViewController.swift */,
			);
			name = Main;
			path = ..;
			sourceTree = "<group>";
		};
		16920C6D29C80B96006887CE /* ViewModel */ = {
			isa = PBXGroup;
			children = (
				16920C6E29C80BAF006887CE /* SearchViewModel.swift */,
				16920C7C29C82B9F006887CE /* MainViewModel.swift */,
				16920C8029C85A0B006887CE /* DateViewModel.swift */,
			);
			name = ViewModel;
			path = Wallet/Main/ViewModel;
			sourceTree = "<group>";
		};
		16920C7229C82770006887CE /* Cell */ = {
			isa = PBXGroup;
			children = (
				16920C7529C8278D006887CE /* MainTableViewCell.swift */,
				1610E93529C9AC5000824E49 /* SideMenuTableViewCell.swift */,
			);
			name = Cell;
			path = Wallet/Main/Cell;
			sourceTree = "<group>";
		};
		16920C7729C8289F006887CE /* Model */ = {
			isa = PBXGroup;
			children = (
				16920C7829C828B0006887CE /* MainModel.swift */,
			);
			name = Model;
			path = Wallet/Main/Model;
			sourceTree = "<group>";
		};
		260FD37429C95E250085A7F3 /* MyPages */ = {
			isa = PBXGroup;
			children = (
				A0F0BBF029CC3F6C00D596BD /* Model */,
				260FD37529C95E830085A7F3 /* Cell */,
				260FD37E29C95ED20085A7F3 /* MyPageTableViewController.swift */,
			);
			path = MyPages;
			sourceTree = "<group>";
		};
		260FD37529C95E830085A7F3 /* Cell */ = {
			isa = PBXGroup;
			children = (
				260FD37629C95E910085A7F3 /* ProfileTableViewCell.swift */,
				260FD37A29C95EB50085A7F3 /* PayTableViewCell.swift */,
				260FD37C29C95EC00085A7F3 /* MenuTableViewCell.swift */,
			);
			path = Cell;
			sourceTree = "<group>";
		};
		264512CF29C5B8770088E17A /* Login&SignIn */ = {
			isa = PBXGroup;
			children = (
				264512D329C695A50088E17A /* ViewModel */,
				264512D129C694AA0088E17A /* LogInViewController.swift */,
				263A884329C6AA3D0011C183 /* TelVerifyViewController.swift */,
				263A884D29C729BE0011C183 /* SignInViewController.swift */,
				2669F79329CC14F5007D3407 /* FirstViewController.swift */,
			);
			path = "Login&SignIn";
			sourceTree = "<group>";
		};
		264512D329C695A50088E17A /* ViewModel */ = {
			isa = PBXGroup;
			children = (
				264512D529C695C20088E17A /* AuthViewModel.swift */,
				264512D729C695E80088E17A /* DBViewModel.swift */,
				264512D929C6964D0088E17A /* RegExModel.swift */,
			);
			path = ViewModel;
			sourceTree = "<group>";
		};
		264512DB29C697250088E17A /* TabBar */ = {
			isa = PBXGroup;
			children = (
				264512DC29C697A10088E17A /* TabBarViewController.swift */,
			);
			path = TabBar;
			sourceTree = "<group>";
		};
		265806D429CAA9610049703D /* Cell */ = {
			isa = PBXGroup;
			children = (
				265806D529CAA97F0049703D /* MyPageLikeTableViewCell.swift */,
			);
			path = Cell;
			sourceTree = "<group>";
		};
		265806E529CAFBE20049703D /* ViewModel */ = {
			isa = PBXGroup;
			children = (
				265806E629CAFBF20049703D /* LikeCodeDB.swift */,
			);
			path = ViewModel;
			sourceTree = "<group>";
		};
		2669F79529CC52E3007D3407 /* MyPagesSeller */ = {
			isa = PBXGroup;
			children = (
				2669F7A229CD3FEC007D3407 /* Cell */,
				2669F79C29CC53ED007D3407 /* TabManViewController.swift */,
				2669F79E29CD3F88007D3407 /* SellFinViewController.swift */,
				2669F7A029CD3F95007D3407 /* SellIngViewController.swift */,
			);
			path = MyPagesSeller;
			sourceTree = "<group>";
		};
		2669F7A229CD3FEC007D3407 /* Cell */ = {
			isa = PBXGroup;
			children = (
				2669F7A329CD4003007D3407 /* SellFinViewCell.swift */,
				2669F7A529CD4014007D3407 /* SellIngViewCell.swift */,
			);
			path = Cell;
			sourceTree = "<group>";
		};
		72F4ACED673B02409D9F9BEF /* Pods */ = {
			isa = PBXGroup;
			children = (
				E35AE98E5D4F75E2B9A86246 /* Pods-Wallet.debug.xcconfig */,
				ACF2BDC1637C04A3586F7FAA /* Pods-Wallet.release.xcconfig */,
			);
			path = Pods;
			sourceTree = "<group>";
		};
		A08A51DD29C9472100D995A9 /* MypageDetail */ = {
			isa = PBXGroup;
			children = (
				265806E529CAFBE20049703D /* ViewModel */,
				265806D429CAA9610049703D /* Cell */,
				A08A51E029C9478F00D995A9 /* Model */,
				265806DF29CAF9AD0049703D /* MyPageLikeTableViewController.swift */,
				A032A8B529CAA88C006328C9 /* ProfileViewController.swift */,
			);
			path = MypageDetail;
			sourceTree = "<group>";
		};
		A08A51E029C9478F00D995A9 /* Model */ = {
			isa = PBXGroup;
			children = (
				A08A51E929C9523900D995A9 /* ProfileQueryModel.swift */,
				A08A51EB29C952BD00D995A9 /* ProfileDBModel.swift */,
				265806E129CAFB1A0049703D /* LikeCodeModel.swift */,
				265806E829CB2B9F0049703D /* LikeProductModel.swift */,
				A06E176129CA947300652C22 /* ProfileUpdateModel.swift */,
			);
			path = Model;
			sourceTree = "<group>";
		};
		A0E2888629CD6B3500A32656 /* MyPagePurchase */ = {
			isa = PBXGroup;
			children = (
				A0E2889C29CEAFF300A32656 /* Cell */,
				A0E2888A29CD712600A32656 /* ViewModel */,
				A0E2888929CD710100A32656 /* Model */,
				A0E2889D29CEB02700A32656 /* PurchaseTableViewController.swift */,
			);
			path = MyPagePurchase;
			sourceTree = "<group>";
		};
		A0E2888929CD710100A32656 /* Model */ = {
			isa = PBXGroup;
			children = (
				A0E2888D29CD793000A32656 /* PurchaseProductModel.swift */,
				A0E2888F29CD7B5F00A32656 /* PurchaseCodeModel.swift */,
			);
			path = Model;
			sourceTree = "<group>";
		};
		A0E2888A29CD712600A32656 /* ViewModel */ = {
			isa = PBXGroup;
			children = (
				A0E2888B29CD716700A32656 /* PurchaseDBModel.swift */,
			);
			path = ViewModel;
			sourceTree = "<group>";
		};
		A0E2889C29CEAFF300A32656 /* Cell */ = {
			isa = PBXGroup;
			children = (
				A0E2889829CEAF6C00A32656 /* PurchaseTableViewCell.swift */,
			);
			path = Cell;
			sourceTree = "<group>";
		};
		A0F0BBF029CC3F6C00D596BD /* Model */ = {
			isa = PBXGroup;
			children = (
				A0F0BBF329CC3FEE00D596BD /* MyPageProfileDBModel.swift */,
				A0F0BBF529CC544B00D596BD /* MyPageProfileQueryModel.swift */,
			);
			path = Model;
			sourceTree = "<group>";
		};
		BC02504729CDA5E300B06F01 /* ViewModel */ = {
			isa = PBXGroup;
			children = (
				BC02504529CDA52C00B06F01 /* ChannelViewModel.swift */,
			);
			path = ViewModel;
			sourceTree = "<group>";
		};
		BC1E7D8129C84D0A0093830C /* Chat */ = {
			isa = PBXGroup;
			children = (
				BC02504729CDA5E300B06F01 /* ViewModel */,
				BC1E7D9429C853A60093830C /* Controller */,
				BC1E7D8529C84E6D0093830C /* Model */,
				BC1E7D8229C84D1A0093830C /* Resources */,
				BC1E7D9929C856440093830C /* UserTableViewCell.swift */,
			);
			path = Chat;
			sourceTree = "<group>";
		};
		BC1E7D8229C84D1A0093830C /* Resources */ = {
			isa = PBXGroup;
			children = (
				BC1E7D8329C84D310093830C /* Sender.swift */,
			);
			path = Resources;
			sourceTree = "<group>";
		};
		BC1E7D8529C84E6D0093830C /* Model */ = {
			isa = PBXGroup;
			children = (
				BC1E7DAA29CA9D8C0093830C /* UserInfo.swift */,
				BC1E7DAE29CAAF5A0093830C /* ChatModel.swift */,
				BC8129A329CC56D200FD1399 /* ChatInfo.swift */,
				BC02504329CDA4F400B06F01 /* Channel.swift */,
			);
			path = Model;
			sourceTree = "<group>";
		};
		BC1E7D9429C853A60093830C /* Controller */ = {
			isa = PBXGroup;
			children = (
				BC1E7D9529C853C20093830C /* UsersTableViewController.swift */,
				BC1E7DAC29CAAB450093830C /* ChatViewController.swift */,
				BC8129A129CBFE4100FD1399 /* NewChatViewController.swift */,
			);
			path = Controller;
			sourceTree = "<group>";
		};
		CF37D78A261119C867F7AA41 /* Frameworks */ = {
			isa = PBXGroup;
			children = (
				4E23AAEA2211F1F0CC3BE166 /* Pods_Wallet.framework */,
			);
			name = Frameworks;
			sourceTree = "<group>";
		};
		E1CCD0EB29BEF69200E6DD35 = {
			isa = PBXGroup;
			children = (
				E1CCD0F629BEF69200E6DD35 /* Wallet */,
				E1CCD0F529BEF69200E6DD35 /* Products */,
				72F4ACED673B02409D9F9BEF /* Pods */,
				CF37D78A261119C867F7AA41 /* Frameworks */,
			);
			sourceTree = "<group>";
		};
		E1CCD0F529BEF69200E6DD35 /* Products */ = {
			isa = PBXGroup;
			children = (
				E1CCD0F429BEF69200E6DD35 /* Wallet.app */,
			);
			name = Products;
			sourceTree = "<group>";
		};
		E1CCD0F629BEF69200E6DD35 /* Wallet */ = {
			isa = PBXGroup;
			children = (
				165D7C9D29CD4385009EF7B6 /* PayPage */,
				A0E2888629CD6B3500A32656 /* MyPagePurchase */,
				2669F79529CC52E3007D3407 /* MyPagesSeller */,
				260FD37429C95E250085A7F3 /* MyPages */,
				A08A51DD29C9472100D995A9 /* MypageDetail */,
				16920C6C29C80B74006887CE /* Main */,
				BC1E7D8129C84D0A0093830C /* Chat */,
				E1CCD18E29C80B5700E6DD35 /* Detail */,
				E1CCD17729C6D4DA00E6DD35 /* Add */,
				264512DB29C697250088E17A /* TabBar */,
				264512CF29C5B8770088E17A /* Login&SignIn */,
				E1CCD0F729BEF69200E6DD35 /* AppDelegate.swift */,
				E1CCD0F929BEF69200E6DD35 /* SceneDelegate.swift */,
				E1CCD10029BEF69300E6DD35 /* Assets.xcassets */,
				E1CCD0FD29BEF69200E6DD35 /* Main.storyboard */,
				E1CCD10229BEF69300E6DD35 /* LaunchScreen.storyboard */,
				264512D029C61A090088E17A /* Wallet.entitlements */,
				E1CCD10529BEF69300E6DD35 /* Info.plist */,
				E1CCD11729C0174000E6DD35 /* GoogleService-Info.plist */,
			);
			path = Wallet;
			sourceTree = "<group>";
		};
		E1CCD17729C6D4DA00E6DD35 /* Add */ = {
			isa = PBXGroup;
			children = (
				E1CCD17A29C6D51400E6DD35 /* ViewModel */,
				E1CCD17929C6D50D00E6DD35 /* Model */,
				E1CCD17829C6D50000E6DD35 /* staticModel */,
				E1CCD18C29C6D60100E6DD35 /* AddViewController.swift */,
			);
			path = Add;
			sourceTree = "<group>";
		};
		E1CCD17829C6D50000E6DD35 /* staticModel */ = {
			isa = PBXGroup;
			children = (
				E1CCD18A29C6D5A400E6DD35 /* staticModel.swift */,
			);
			path = staticModel;
			sourceTree = "<group>";
		};
		E1CCD17929C6D50D00E6DD35 /* Model */ = {
			isa = PBXGroup;
			children = (
				E1CCD18529C6D57500E6DD35 /* Functions */,
				E1CCD17D29C6D54000E6DD35 /* WalletSelectModel.swift */,
				E1CCD17F29C6D55200E6DD35 /* ProductRegisterModel.swift */,
				E1CCD18129C6D55F00E6DD35 /* JsonModel.swift */,
				E1CCD18329C6D56A00E6DD35 /* DBModel.swift */,
			);
			path = Model;
			sourceTree = "<group>";
		};
		E1CCD17A29C6D51400E6DD35 /* ViewModel */ = {
			isa = PBXGroup;
			children = (
				E1CCD17B29C6D52500E6DD35 /* WalletSelectViewModel.swift */,
			);
			path = ViewModel;
			sourceTree = "<group>";
		};
		E1CCD18529C6D57500E6DD35 /* Functions */ = {
			isa = PBXGroup;
			children = (
				E1CCD18629C6D58500E6DD35 /* FirebaseStorageFunc.swift */,
				E1CCD18829C6D59000E6DD35 /* Flask.swift */,
			);
			path = Functions;
			sourceTree = "<group>";
		};
		E1CCD18E29C80B5700E6DD35 /* Detail */ = {
			isa = PBXGroup;
			children = (
				E1CCD19429C80D5D00E6DD35 /* Model */,
				E1CCD19129C80B7900E6DD35 /* ViewModel */,
				E1CCD18F29C80B6500E6DD35 /* DetailViewController.swift */,
			);
			path = Detail;
			sourceTree = "<group>";
		};
		E1CCD19129C80B7900E6DD35 /* ViewModel */ = {
			isa = PBXGroup;
			children = (
				E1CCD19229C80B8500E6DD35 /* DetailViewModel.swift */,
				E1CCD1AD29C8D17900E6DD35 /* LikeViewModel.swift */,
				E1CCD1AF29C8D18600E6DD35 /* UserViewModel.swift */,
			);
			path = ViewModel;
			sourceTree = "<group>";
		};
		E1CCD19429C80D5D00E6DD35 /* Model */ = {
			isa = PBXGroup;
			children = (
				E1CCD19529C80D6600E6DD35 /* ProductDetailModel.swift */,
				E1CCD1A929C8D14500E6DD35 /* userLikeModel.swift */,
				E1CCD1AB29C8D15100E6DD35 /* LikeModel.swift */,
			);
			path = Model;
			sourceTree = "<group>";
		};
/* End PBXGroup section */

/* Begin PBXNativeTarget section */
		E1CCD0F329BEF69200E6DD35 /* Wallet */ = {
			isa = PBXNativeTarget;
			buildConfigurationList = E1CCD10829BEF69300E6DD35 /* Build configuration list for PBXNativeTarget "Wallet" */;
			buildPhases = (
				891B4A208970B5AC745E8141 /* [CP] Check Pods Manifest.lock */,
				E1CCD0F029BEF69200E6DD35 /* Sources */,
				E1CCD0F129BEF69200E6DD35 /* Frameworks */,
				E1CCD0F229BEF69200E6DD35 /* Resources */,
				30B78C3E6BBA81651EA31FA4 /* [CP] Embed Pods Frameworks */,
			);
			buildRules = (
			);
			dependencies = (
			);
			name = Wallet;
			productName = Wallet;
			productReference = E1CCD0F429BEF69200E6DD35 /* Wallet.app */;
			productType = "com.apple.product-type.application";
		};
/* End PBXNativeTarget section */

/* Begin PBXProject section */
		E1CCD0EC29BEF69200E6DD35 /* Project object */ = {
			isa = PBXProject;
			attributes = {
				BuildIndependentTargetsInParallel = 1;
				LastSwiftUpdateCheck = 1420;
				LastUpgradeCheck = 1420;
				TargetAttributes = {
					E1CCD0F329BEF69200E6DD35 = {
						CreatedOnToolsVersion = 14.2;
					};
				};
			};
			buildConfigurationList = E1CCD0EF29BEF69200E6DD35 /* Build configuration list for PBXProject "Wallet" */;
			compatibilityVersion = "Xcode 14.0";
			developmentRegion = en;
			hasScannedForEncodings = 0;
			knownRegions = (
				en,
				Base,
			);
			mainGroup = E1CCD0EB29BEF69200E6DD35;
			productRefGroup = E1CCD0F529BEF69200E6DD35 /* Products */;
			projectDirPath = "";
			projectRoot = "";
			targets = (
				E1CCD0F329BEF69200E6DD35 /* Wallet */,
			);
		};
/* End PBXProject section */

/* Begin PBXResourcesBuildPhase section */
		E1CCD0F229BEF69200E6DD35 /* Resources */ = {
			isa = PBXResourcesBuildPhase;
			buildActionMask = 2147483647;
			files = (
				E1CCD10429BEF69300E6DD35 /* LaunchScreen.storyboard in Resources */,
				E1CCD11829C0174000E6DD35 /* GoogleService-Info.plist in Resources */,
				E1CCD10129BEF69300E6DD35 /* Assets.xcassets in Resources */,
				E1CCD0FF29BEF69200E6DD35 /* Main.storyboard in Resources */,
			);
			runOnlyForDeploymentPostprocessing = 0;
		};
/* End PBXResourcesBuildPhase section */

/* Begin PBXShellScriptBuildPhase section */
		30B78C3E6BBA81651EA31FA4 /* [CP] Embed Pods Frameworks */ = {
			isa = PBXShellScriptBuildPhase;
			buildActionMask = 2147483647;
			files = (
			);
			inputFileListPaths = (
				"${PODS_ROOT}/Target Support Files/Pods-Wallet/Pods-Wallet-frameworks-${CONFIGURATION}-input-files.xcfilelist",
			);
			name = "[CP] Embed Pods Frameworks";
			outputFileListPaths = (
				"${PODS_ROOT}/Target Support Files/Pods-Wallet/Pods-Wallet-frameworks-${CONFIGURATION}-output-files.xcfilelist",
			);
			runOnlyForDeploymentPostprocessing = 0;
			shellPath = /bin/sh;
			shellScript = "\"${PODS_ROOT}/Target Support Files/Pods-Wallet/Pods-Wallet-frameworks.sh\"\n";
			showEnvVarsInLog = 0;
		};
		891B4A208970B5AC745E8141 /* [CP] Check Pods Manifest.lock */ = {
			isa = PBXShellScriptBuildPhase;
			buildActionMask = 2147483647;
			files = (
			);
			inputFileListPaths = (
			);
			inputPaths = (
				"${PODS_PODFILE_DIR_PATH}/Podfile.lock",
				"${PODS_ROOT}/Manifest.lock",
			);
			name = "[CP] Check Pods Manifest.lock";
			outputFileListPaths = (
			);
			outputPaths = (
				"$(DERIVED_FILE_DIR)/Pods-Wallet-checkManifestLockResult.txt",
			);
			runOnlyForDeploymentPostprocessing = 0;
			shellPath = /bin/sh;
			shellScript = "diff \"${PODS_PODFILE_DIR_PATH}/Podfile.lock\" \"${PODS_ROOT}/Manifest.lock\" > /dev/null\nif [ $? != 0 ] ; then\n    # print error to STDERR\n    echo \"error: The sandbox is not in sync with the Podfile.lock. Run 'pod install' or update your CocoaPods installation.\" >&2\n    exit 1\nfi\n# This output is used by Xcode 'outputs' to avoid re-running this script phase.\necho \"SUCCESS\" > \"${SCRIPT_OUTPUT_FILE_0}\"\n";
			showEnvVarsInLog = 0;
		};
/* End PBXShellScriptBuildPhase section */

/* Begin PBXSourcesBuildPhase section */
		E1CCD0F029BEF69200E6DD35 /* Sources */ = {
			isa = PBXSourcesBuildPhase;
			buildActionMask = 2147483647;
			files = (
				265806E229CAFB1A0049703D /* LikeCodeModel.swift in Sources */,
				1610E93029C9A41500824E49 /* CustomSideMenuNavigation.swift in Sources */,
				16920C8129C85A0B006887CE /* DateViewModel.swift in Sources */,
				264512D629C695C20088E17A /* AuthViewModel.swift in Sources */,
				1610E93229C9A43800824E49 /* SideMenuViewController.swift in Sources */,
				263A884429C6AA3D0011C183 /* TelVerifyViewController.swift in Sources */,
				260FD37B29C95EB50085A7F3 /* PayTableViewCell.swift in Sources */,
				165D7CA529CD8AE8009EF7B6 /* PayChargeViewModel.swift in Sources */,
				E1CCD19629C80D6600E6DD35 /* ProductDetailModel.swift in Sources */,
				A0E2888C29CD716700A32656 /* PurchaseDBModel.swift in Sources */,
				264512D829C695E80088E17A /* DBViewModel.swift in Sources */,
				E1CCD19329C80B8500E6DD35 /* DetailViewModel.swift in Sources */,
				BC1E7DAF29CAAF5A0093830C /* ChatModel.swift in Sources */,
				E1CCD18B29C6D5A400E6DD35 /* staticModel.swift in Sources */,
				265806E029CAF9AD0049703D /* MyPageLikeTableViewController.swift in Sources */,
				16920C6F29C80BAF006887CE /* SearchViewModel.swift in Sources */,
				BC02504629CDA52C00B06F01 /* ChannelViewModel.swift in Sources */,
				265806E729CAFBF20049703D /* LikeCodeDB.swift in Sources */,
				E1CCD0F829BEF69200E6DD35 /* AppDelegate.swift in Sources */,
				1610E93629C9AC5000824E49 /* SideMenuTableViewCell.swift in Sources */,
				2669F7A629CD4014007D3407 /* SellIngViewCell.swift in Sources */,
				16920C7929C828B0006887CE /* MainModel.swift in Sources */,
				E1CCD1AE29C8D17900E6DD35 /* LikeViewModel.swift in Sources */,
				BC02504429CDA4F400B06F01 /* Channel.swift in Sources */,
				E1CCD18929C6D59000E6DD35 /* Flask.swift in Sources */,
				E1CCD1AC29C8D15100E6DD35 /* LikeModel.swift in Sources */,
				E1CCD17E29C6D54000E6DD35 /* WalletSelectModel.swift in Sources */,
				A0E2889029CD7B5F00A32656 /* PurchaseCodeModel.swift in Sources */,
				A0E2889E29CEB02700A32656 /* PurchaseTableViewController.swift in Sources */,
				E1CCD1AA29C8D14500E6DD35 /* userLikeModel.swift in Sources */,
				265806D629CAA97F0049703D /* MyPageLikeTableViewCell.swift in Sources */,
				A032A8B629CAA88C006328C9 /* ProfileViewController.swift in Sources */,
				165D7CA729CD9CFF009EF7B6 /* PayCompleteViewController.swift in Sources */,
				260FD37729C95E920085A7F3 /* ProfileTableViewCell.swift in Sources */,
				A08A51EC29C952BD00D995A9 /* ProfileDBModel.swift in Sources */,
				E1CCD18429C6D56A00E6DD35 /* DBModel.swift in Sources */,
				260FD37F29C95ED20085A7F3 /* MyPageTableViewController.swift in Sources */,
				A0E2889929CEAF6C00A32656 /* PurchaseTableViewCell.swift in Sources */,
				E1CCD18D29C6D60100E6DD35 /* AddViewController.swift in Sources */,
				2669F79F29CD3F88007D3407 /* SellFinViewController.swift in Sources */,
				2669F7A129CD3F95007D3407 /* SellIngViewController.swift in Sources */,
				16920C7629C8278D006887CE /* MainTableViewCell.swift in Sources */,
				E1CCD18729C6D58500E6DD35 /* FirebaseStorageFunc.swift in Sources */,
				2669F79429CC14F5007D3407 /* FirstViewController.swift in Sources */,
				BC8129A229CBFE4100FD1399 /* NewChatViewController.swift in Sources */,
				E1CCD19029C80B6500E6DD35 /* DetailViewController.swift in Sources */,
				E1CCD18229C6D55F00E6DD35 /* JsonModel.swift in Sources */,
				A0F0BBF629CC544B00D596BD /* MyPageProfileQueryModel.swift in Sources */,
				BC1E7D9A29C856440093830C /* UserTableViewCell.swift in Sources */,
				E1CCD17C29C6D52500E6DD35 /* WalletSelectViewModel.swift in Sources */,
				264512DA29C6964D0088E17A /* RegExModel.swift in Sources */,
				165D7C9F29CD43A8009EF7B6 /* PayChargeViewController.swift in Sources */,
				BC1E7DAD29CAAB450093830C /* ChatViewController.swift in Sources */,
				A0E2888E29CD793000A32656 /* PurchaseProductModel.swift in Sources */,
				A0F0BBF429CC3FEE00D596BD /* MyPageProfileDBModel.swift in Sources */,
				BC1E7D8429C84D310093830C /* Sender.swift in Sources */,
				2669F79D29CC53ED007D3407 /* TabManViewController.swift in Sources */,
				165D7CA229CD872A009EF7B6 /* PayChargeUserModel.swift in Sources */,
				263A884E29C729BE0011C183 /* SignInViewController.swift in Sources */,
				264512DD29C697A10088E17A /* TabBarViewController.swift in Sources */,
				A06E176229CA947300652C22 /* ProfileUpdateModel.swift in Sources */,
				E1CCD1B029C8D18600E6DD35 /* UserViewModel.swift in Sources */,
				BC8129A429CC56D200FD1399 /* ChatInfo.swift in Sources */,
				E1CCD0FA29BEF69200E6DD35 /* SceneDelegate.swift in Sources */,
				E1CCD18029C6D55200E6DD35 /* ProductRegisterModel.swift in Sources */,
				260FD37D29C95EC00085A7F3 /* MenuTableViewCell.swift in Sources */,
				A08A51EA29C9523900D995A9 /* ProfileQueryModel.swift in Sources */,
				265806E929CB2B9F0049703D /* LikeProductModel.swift in Sources */,
				2669F7A429CD4003007D3407 /* SellFinViewCell.swift in Sources */,
				BC1E7D9629C853C20093830C /* UsersTableViewController.swift in Sources */,
				264512D229C694AA0088E17A /* LogInViewController.swift in Sources */,
				16920C7D29C82B9F006887CE /* MainViewModel.swift in Sources */,
				BC1E7DAB29CA9D8C0093830C /* UserInfo.swift in Sources */,
				16920C7129C80BCE006887CE /* MainViewController.swift in Sources */,
			);
			runOnlyForDeploymentPostprocessing = 0;
		};
/* End PBXSourcesBuildPhase section */

/* Begin PBXVariantGroup section */
		E1CCD0FD29BEF69200E6DD35 /* Main.storyboard */ = {
			isa = PBXVariantGroup;
			children = (
				E1CCD0FE29BEF69200E6DD35 /* Base */,
			);
			name = Main.storyboard;
			sourceTree = "<group>";
		};
		E1CCD10229BEF69300E6DD35 /* LaunchScreen.storyboard */ = {
			isa = PBXVariantGroup;
			children = (
				E1CCD10329BEF69300E6DD35 /* Base */,
			);
			name = LaunchScreen.storyboard;
			sourceTree = "<group>";
		};
/* End PBXVariantGroup section */

/* Begin XCBuildConfiguration section */
		E1CCD10629BEF69300E6DD35 /* Debug */ = {
			isa = XCBuildConfiguration;
			buildSettings = {
				ALWAYS_SEARCH_USER_PATHS = NO;
				CLANG_ANALYZER_NONNULL = YES;
				CLANG_ANALYZER_NUMBER_OBJECT_CONVERSION = YES_AGGRESSIVE;
				CLANG_CXX_LANGUAGE_STANDARD = "gnu++20";
				CLANG_ENABLE_MODULES = YES;
				CLANG_ENABLE_OBJC_ARC = YES;
				CLANG_ENABLE_OBJC_WEAK = YES;
				CLANG_WARN_BLOCK_CAPTURE_AUTORELEASING = YES;
				CLANG_WARN_BOOL_CONVERSION = YES;
				CLANG_WARN_COMMA = YES;
				CLANG_WARN_CONSTANT_CONVERSION = YES;
				CLANG_WARN_DEPRECATED_OBJC_IMPLEMENTATIONS = YES;
				CLANG_WARN_DIRECT_OBJC_ISA_USAGE = YES_ERROR;
				CLANG_WARN_DOCUMENTATION_COMMENTS = YES;
				CLANG_WARN_EMPTY_BODY = YES;
				CLANG_WARN_ENUM_CONVERSION = YES;
				CLANG_WARN_INFINITE_RECURSION = YES;
				CLANG_WARN_INT_CONVERSION = YES;
				CLANG_WARN_NON_LITERAL_NULL_CONVERSION = YES;
				CLANG_WARN_OBJC_IMPLICIT_RETAIN_SELF = YES;
				CLANG_WARN_OBJC_LITERAL_CONVERSION = YES;
				CLANG_WARN_OBJC_ROOT_CLASS = YES_ERROR;
				CLANG_WARN_QUOTED_INCLUDE_IN_FRAMEWORK_HEADER = YES;
				CLANG_WARN_RANGE_LOOP_ANALYSIS = YES;
				CLANG_WARN_STRICT_PROTOTYPES = YES;
				CLANG_WARN_SUSPICIOUS_MOVE = YES;
				CLANG_WARN_UNGUARDED_AVAILABILITY = YES_AGGRESSIVE;
				CLANG_WARN_UNREACHABLE_CODE = YES;
				CLANG_WARN__DUPLICATE_METHOD_MATCH = YES;
				COPY_PHASE_STRIP = NO;
				DEBUG_INFORMATION_FORMAT = dwarf;
				ENABLE_STRICT_OBJC_MSGSEND = YES;
				ENABLE_TESTABILITY = YES;
				GCC_C_LANGUAGE_STANDARD = gnu11;
				GCC_DYNAMIC_NO_PIC = NO;
				GCC_NO_COMMON_BLOCKS = YES;
				GCC_OPTIMIZATION_LEVEL = 0;
				GCC_PREPROCESSOR_DEFINITIONS = (
					"DEBUG=1",
					"$(inherited)",
				);
				GCC_WARN_64_TO_32_BIT_CONVERSION = YES;
				GCC_WARN_ABOUT_RETURN_TYPE = YES_ERROR;
				GCC_WARN_UNDECLARED_SELECTOR = YES;
				GCC_WARN_UNINITIALIZED_AUTOS = YES_AGGRESSIVE;
				GCC_WARN_UNUSED_FUNCTION = YES;
				GCC_WARN_UNUSED_VARIABLE = YES;
				IPHONEOS_DEPLOYMENT_TARGET = 15.2;
				MTL_ENABLE_DEBUG_INFO = INCLUDE_SOURCE;
				MTL_FAST_MATH = YES;
				ONLY_ACTIVE_ARCH = YES;
				SDKROOT = iphoneos;
				SWIFT_ACTIVE_COMPILATION_CONDITIONS = DEBUG;
				SWIFT_OPTIMIZATION_LEVEL = "-Onone";
			};
			name = Debug;
		};
		E1CCD10729BEF69300E6DD35 /* Release */ = {
			isa = XCBuildConfiguration;
			buildSettings = {
				ALWAYS_SEARCH_USER_PATHS = NO;
				CLANG_ANALYZER_NONNULL = YES;
				CLANG_ANALYZER_NUMBER_OBJECT_CONVERSION = YES_AGGRESSIVE;
				CLANG_CXX_LANGUAGE_STANDARD = "gnu++20";
				CLANG_ENABLE_MODULES = YES;
				CLANG_ENABLE_OBJC_ARC = YES;
				CLANG_ENABLE_OBJC_WEAK = YES;
				CLANG_WARN_BLOCK_CAPTURE_AUTORELEASING = YES;
				CLANG_WARN_BOOL_CONVERSION = YES;
				CLANG_WARN_COMMA = YES;
				CLANG_WARN_CONSTANT_CONVERSION = YES;
				CLANG_WARN_DEPRECATED_OBJC_IMPLEMENTATIONS = YES;
				CLANG_WARN_DIRECT_OBJC_ISA_USAGE = YES_ERROR;
				CLANG_WARN_DOCUMENTATION_COMMENTS = YES;
				CLANG_WARN_EMPTY_BODY = YES;
				CLANG_WARN_ENUM_CONVERSION = YES;
				CLANG_WARN_INFINITE_RECURSION = YES;
				CLANG_WARN_INT_CONVERSION = YES;
				CLANG_WARN_NON_LITERAL_NULL_CONVERSION = YES;
				CLANG_WARN_OBJC_IMPLICIT_RETAIN_SELF = YES;
				CLANG_WARN_OBJC_LITERAL_CONVERSION = YES;
				CLANG_WARN_OBJC_ROOT_CLASS = YES_ERROR;
				CLANG_WARN_QUOTED_INCLUDE_IN_FRAMEWORK_HEADER = YES;
				CLANG_WARN_RANGE_LOOP_ANALYSIS = YES;
				CLANG_WARN_STRICT_PROTOTYPES = YES;
				CLANG_WARN_SUSPICIOUS_MOVE = YES;
				CLANG_WARN_UNGUARDED_AVAILABILITY = YES_AGGRESSIVE;
				CLANG_WARN_UNREACHABLE_CODE = YES;
				CLANG_WARN__DUPLICATE_METHOD_MATCH = YES;
				COPY_PHASE_STRIP = NO;
				DEBUG_INFORMATION_FORMAT = "dwarf-with-dsym";
				ENABLE_NS_ASSERTIONS = NO;
				ENABLE_STRICT_OBJC_MSGSEND = YES;
				GCC_C_LANGUAGE_STANDARD = gnu11;
				GCC_NO_COMMON_BLOCKS = YES;
				GCC_WARN_64_TO_32_BIT_CONVERSION = YES;
				GCC_WARN_ABOUT_RETURN_TYPE = YES_ERROR;
				GCC_WARN_UNDECLARED_SELECTOR = YES;
				GCC_WARN_UNINITIALIZED_AUTOS = YES_AGGRESSIVE;
				GCC_WARN_UNUSED_FUNCTION = YES;
				GCC_WARN_UNUSED_VARIABLE = YES;
				IPHONEOS_DEPLOYMENT_TARGET = 15.2;
				MTL_ENABLE_DEBUG_INFO = NO;
				MTL_FAST_MATH = YES;
				SDKROOT = iphoneos;
				SWIFT_COMPILATION_MODE = wholemodule;
				SWIFT_OPTIMIZATION_LEVEL = "-O";
				VALIDATE_PRODUCT = YES;
			};
			name = Release;
		};
		E1CCD10929BEF69300E6DD35 /* Debug */ = {
			isa = XCBuildConfiguration;
			baseConfigurationReference = E35AE98E5D4F75E2B9A86246 /* Pods-Wallet.debug.xcconfig */;
			buildSettings = {
				ASSETCATALOG_COMPILER_APPICON_NAME = AppIcon;
				ASSETCATALOG_COMPILER_GLOBAL_ACCENT_COLOR_NAME = AccentColor;
				CODE_SIGN_ENTITLEMENTS = Wallet/Wallet.entitlements;
				CODE_SIGN_STYLE = Automatic;
				CURRENT_PROJECT_VERSION = 1;
				DEVELOPMENT_TEAM = B575A5584Q;
				GENERATE_INFOPLIST_FILE = YES;
				INFOPLIST_FILE = Wallet/Info.plist;
				INFOPLIST_KEY_UIApplicationSupportsIndirectInputEvents = YES;
				INFOPLIST_KEY_UILaunchStoryboardName = LaunchScreen;
				INFOPLIST_KEY_UIMainStoryboardFile = Main;
				INFOPLIST_KEY_UISupportedInterfaceOrientations_iPad = "UIInterfaceOrientationPortrait UIInterfaceOrientationPortraitUpsideDown UIInterfaceOrientationLandscapeLeft UIInterfaceOrientationLandscapeRight";
				INFOPLIST_KEY_UISupportedInterfaceOrientations_iPhone = "UIInterfaceOrientationPortrait UIInterfaceOrientationLandscapeLeft UIInterfaceOrientationLandscapeRight";
				LD_RUNPATH_SEARCH_PATHS = (
					"$(inherited)",
					"@executable_path/Frameworks",
				);
				MARKETING_VERSION = 1.0;
				PRODUCT_BUNDLE_IDENTIFIER = com.swiftlec.Wallet;
				PRODUCT_NAME = "$(TARGET_NAME)";
				SWIFT_EMIT_LOC_STRINGS = YES;
				SWIFT_VERSION = 5.0;
				TARGETED_DEVICE_FAMILY = "1,2";
			};
			name = Debug;
		};
		E1CCD10A29BEF69300E6DD35 /* Release */ = {
			isa = XCBuildConfiguration;
			baseConfigurationReference = ACF2BDC1637C04A3586F7FAA /* Pods-Wallet.release.xcconfig */;
			buildSettings = {
				ASSETCATALOG_COMPILER_APPICON_NAME = AppIcon;
				ASSETCATALOG_COMPILER_GLOBAL_ACCENT_COLOR_NAME = AccentColor;
				CODE_SIGN_ENTITLEMENTS = Wallet/Wallet.entitlements;
				CODE_SIGN_STYLE = Automatic;
				CURRENT_PROJECT_VERSION = 1;
				DEVELOPMENT_TEAM = B575A5584Q;
				GENERATE_INFOPLIST_FILE = YES;
				INFOPLIST_FILE = Wallet/Info.plist;
				INFOPLIST_KEY_UIApplicationSupportsIndirectInputEvents = YES;
				INFOPLIST_KEY_UILaunchStoryboardName = LaunchScreen;
				INFOPLIST_KEY_UIMainStoryboardFile = Main;
				INFOPLIST_KEY_UISupportedInterfaceOrientations_iPad = "UIInterfaceOrientationPortrait UIInterfaceOrientationPortraitUpsideDown UIInterfaceOrientationLandscapeLeft UIInterfaceOrientationLandscapeRight";
				INFOPLIST_KEY_UISupportedInterfaceOrientations_iPhone = "UIInterfaceOrientationPortrait UIInterfaceOrientationLandscapeLeft UIInterfaceOrientationLandscapeRight";
				LD_RUNPATH_SEARCH_PATHS = (
					"$(inherited)",
					"@executable_path/Frameworks",
				);
				MARKETING_VERSION = 1.0;
				PRODUCT_BUNDLE_IDENTIFIER = com.swiftlec.Wallet;
				PRODUCT_NAME = "$(TARGET_NAME)";
				SWIFT_EMIT_LOC_STRINGS = YES;
				SWIFT_VERSION = 5.0;
				TARGETED_DEVICE_FAMILY = "1,2";
			};
			name = Release;
		};
/* End XCBuildConfiguration section */

/* Begin XCConfigurationList section */
		E1CCD0EF29BEF69200E6DD35 /* Build configuration list for PBXProject "Wallet" */ = {
			isa = XCConfigurationList;
			buildConfigurations = (
				E1CCD10629BEF69300E6DD35 /* Debug */,
				E1CCD10729BEF69300E6DD35 /* Release */,
			);
			defaultConfigurationIsVisible = 0;
			defaultConfigurationName = Release;
		};
		E1CCD10829BEF69300E6DD35 /* Build configuration list for PBXNativeTarget "Wallet" */ = {
			isa = XCConfigurationList;
			buildConfigurations = (
				E1CCD10929BEF69300E6DD35 /* Debug */,
				E1CCD10A29BEF69300E6DD35 /* Release */,
			);
			defaultConfigurationIsVisible = 0;
			defaultConfigurationName = Release;
		};
/* End XCConfigurationList section */
	};
	rootObject = E1CCD0EC29BEF69200E6DD35 /* Project object */;
}
